{
  "name": "vue-input-template",
  "version": "1.0.0",
  "lockfileVersion": 1,
  "requires": true,
  "dependencies": {
    "vee-validate": {
      "version": "3.4.5",
      "resolved": "https://registry.npmjs.org/vee-validate/-/vee-validate-3.4.5.tgz",
      "integrity": "sha512-ZEcLqOAZzSkMhDvPcTx0xcwVOijFnMW9J+BA20j+rDmo24T8RCCqVQyRwwrDrcWJZV2dRYl/yYNa2GB6UCoBvg=="
    },
    "vuejs-datepicker": {
      "version": "1.6.2",
      "resolved": "https://registry.npmjs.org/vuejs-datepicker/-/vuejs-datepicker-1.6.2.tgz",
      "integrity": "sha512-PkC4vxzFBo7i6FSCUAJfnaWOx6VkKbOqxijSGHHlWxh8FIUKEZVtFychkonVWtK3iwWfhmYtqHcwsmgxefLpLQ=="
    }
  }
}
